schema: '2.0'
stages:
  download:
    cmd: python src/download.py
    deps:
    - path: params.yaml
      hash: md5
      md5: ec145243bd5d6447a7ea35c4635c9950
      size: 70
    outs:
    - path: Files/Files
      hash: md5
      md5: e2e3d329e8307a8305ac93a85c814477.dir
      size: 324560
      nfiles: 1
  prepare:
    cmd: python src/prepare.py
    deps:
    - path: Files/Files
      hash: md5
      md5: e2e3d329e8307a8305ac93a85c814477.dir
      size: 324560
      nfiles: 1
    outs:
    - path: Files/extracted_dataframes
      hash: md5
      md5: 1d8edcb38c41306bb27874d4995e920e.dir
      size: 297
      nfiles: 1
    - path: Files/processing_dataframes
      hash: md5
      md5: 427cd9031603cf3e89d847a43d590f22.dir
      size: 8421
      nfiles: 1
  process:
    cmd: python src/process.py
    deps:
    - path: Files/processing_dataframes
      hash: md5
      md5: 427cd9031603cf3e89d847a43d590f22.dir
      size: 8421
      nfiles: 1
    outs:
    - path: Files/processed_dataframes
      hash: md5
      md5: 64fb131413b56e6bf1d6c241a6e57323.dir
      size: 519
      nfiles: 1
  evaluate:
    cmd: python src/evaluate.py
    deps:
    - path: Files/extracted_dataframes
      hash: md5
      md5: 1d8edcb38c41306bb27874d4995e920e.dir
      size: 297
      nfiles: 1
    - path: Files/processed_dataframes
      hash: md5
      md5: 64fb131413b56e6bf1d6c241a6e57323.dir
      size: 519
      nfiles: 1
    outs:
    - path: Files/outputs
      hash: md5
      md5: d669a0973e26c2d572fd4e207eb38153.dir
      size: 228
      nfiles: 1
